
Microsoft Visual Studio Solution File, Format Version 12.00
# Visual Studio Version 16
VisualStudioVersion = 16.0.31205.134
MinimumVisualStudioVersion = 10.0.40219.1
Project("{9A19103F-16F7-4668-BE54-9A1E7A4F7556}") = "CTKNewsParser", "CTKNewsParser.csproj", "{784D7439-2428-4BC8-B675-424C22464DD5}"
EndProject
Global
	GlobalSection(SolutionConfigurationPlatforms) = preSolution
		Debug|Any CPU = Debug|Any CPU
		Release|Any CPU = Release|Any CPU
	EndGlobalSection
	GlobalSection(ProjectConfigurationPlatforms) = postSolution
		{784D7439-2428-4BC8-B675-424C22464DD5}.Debug|Any CPU.ActiveCfg = Debug|Any CPU
		{784D7439-2428-4BC8-B675-424C22464DD5}.Debug|Any CPU.Build.0 = Debug|Any CPU
		{784D7439-2428-4BC8-B675-424C22464DD5}.Release|Any CPU.ActiveCfg = Release|Any CPU
		{784D7439-2428-4BC8-B675-424C22464DD5}.Release|Any CPU.Build.0 = Release|Any CPU
	EndGlobalSection
	GlobalSection(SolutionProperties) = preSolution
		HideSolutionNode = FALSE
	EndGlobalSection
	GlobalSection(ExtensibilityGlobals) = postSolution
		SolutionGuid = {22B58726-9818-4854-A4AC-1BCE0FCC7E88}
	EndGlobalSection
EndGlobal
